<?xml version="1.0" encoding="utf-8"?>
<Project ToolsVersion="4.0" xmlns="http://schemas.microsoft.com/developer/msbuild/2003">
  <ItemGroup>
    <Filter Include="소스 파일">
      <UniqueIdentifier>{4FC737F1-C7A5-4376-A066-2A32D752A2FF}</UniqueIdentifier>
      <Extensions>cpp;c;cc;cxx;c++;cppm;ixx;def;odl;idl;hpj;bat;asm;asmx</Extensions>
    </Filter>
    <Filter Include="헤더 파일">
      <UniqueIdentifier>{93995380-89BD-4b04-88EB-625FBE52EBFB}</UniqueIdentifier>
      <Extensions>h;hh;hpp;hxx;h++;hm;inl;inc;ipp;xsd</Extensions>
    </Filter>
    <Filter Include="리소스 파일">
      <UniqueIdentifier>{67DA6AB6-F800-4c08-8B7A-83BB121AAD01}</UniqueIdentifier>
      <Extensions>rc;ico;cur;bmp;dlg;rc2;rct;bin;rgs;gif;jpg;jpeg;jpe;resx;tiff;tif;png;wav;mfcribbon-ms</Extensions>
    </Filter>
  </ItemGroup>
  <ItemGroup>
    <ClCompile Include="MapView.cpp">
      <Filter>소스 파일</Filter>
    </ClCompile>
    <ClCompile Include="MineSweeper.cpp">
      <Filter>소스 파일</Filter>
    </ClCompile>
    <ClCompile Include="Cell.cpp">
      <Filter>소스 파일</Filter>
    </ClCompile>
    <ClCompile Include="SafeCell.cpp">
      <Filter>소스 파일</Filter>
    </ClCompile>
    <ClCompile Include="RevealedCell.cpp">
      <Filter>소스 파일</Filter>
    </ClCompile>
    <ClCompile Include="MineCell.cpp">
      <Filter>소스 파일</Filter>
    </ClCompile>
    <ClCompile Include="Map.cpp">
      <Filter>소스 파일</Filter>
    </ClCompile>
    <ClCompile Include="main.cpp">
      <Filter>소스 파일</Filter>
    </ClCompile>
    <ClCompile Include="UnRevealedCell.cpp">
      <Filter>소스 파일</Filter>
    </ClCompile>
    <ClCompile Include="MapBuilder.cpp">
      <Filter>소스 파일</Filter>
    </ClCompile>
    <ClCompile Include="RevealedMineCell.cpp">
      <Filter>소스 파일</Filter>
    </ClCompile>
  </ItemGroup>
  <ItemGroup>
    <ClInclude Include="Map.h">
      <Filter>헤더 파일</Filter>
    </ClInclude>
    <ClInclude Include="UnRevealedCell.h">
      <Filter>헤더 파일</Filter>
    </ClInclude>
    <ClInclude Include="SafeCell.h">
      <Filter>헤더 파일</Filter>
    </ClInclude>
    <ClInclude Include="RevealedCell.h">
      <Filter>헤더 파일</Filter>
    </ClInclude>
    <ClInclude Include="MineSweeper.h">
      <Filter>헤더 파일</Filter>
    </ClInclude>
    <ClInclude Include="MineCell.h">
      <Filter>헤더 파일</Filter>
    </ClInclude>
    <ClInclude Include="MapView.h">
      <Filter>헤더 파일</Filter>
    </ClInclude>
    <ClInclude Include="Cell.h">
      <Filter>헤더 파일</Filter>
    </ClInclude>
    <ClInclude Include="MineSweeperCommons.h">
      <Filter>헤더 파일</Filter>
    </ClInclude>
    <ClInclude Include="MapBuilder.h">
      <Filter>헤더 파일</Filter>
    </ClInclude>
    <ClInclude Include="RevealedMineCell.h">
      <Filter>헤더 파일</Filter>
    </ClInclude>
  </ItemGroup>
</Project>